
Microsoft Visual Studio Solution File, Format Version 12.00
# Visual Studio Version 16
VisualStudioVersion = 16.0.32106.194
MinimumVisualStudioVersion = 10.0.40219.1
Project("{F184B08F-C81C-45F6-A57F-5ABD9991F28F}") = "UserValidation", "UserValidation\UserValidation.vbproj", "{BC7386BE-4F14-493B-BBCF-1E8ADB535183}"
EndProject
Global
	GlobalSection(SolutionConfigurationPlatforms) = preSolution
		Debug|Any CPU = Debug|Any CPU
		Release|Any CPU = Release|Any CPU
	EndGlobalSection
	GlobalSection(ProjectConfigurationPlatforms) = postSolution
		{BC7386BE-4F14-493B-BBCF-1E8ADB535183}.Debug|Any CPU.ActiveCfg = Debug|Any CPU
		{BC7386BE-4F14-493B-BBCF-1E8ADB535183}.Debug|Any CPU.Build.0 = Debug|Any CPU
		{BC7386BE-4F14-493B-BBCF-1E8ADB535183}.Release|Any CPU.ActiveCfg = Release|Any CPU
		{BC7386BE-4F14-493B-BBCF-1E8ADB535183}.Release|Any CPU.Build.0 = Release|Any CPU
	EndGlobalSection
	GlobalSection(SolutionProperties) = preSolution
		HideSolutionNode = FALSE
	EndGlobalSection
	GlobalSection(ExtensibilityGlobals) = postSolution
		SolutionGuid = {E3865F5B-74F9-4AFA-90A6-2363C0628D37}
	EndGlobalSection
EndGlobal
